
Microsoft Visual Studio Solution File, Format Version 12.00
# Visual Studio 15
VisualStudioVersion = 15.0.26730.12
MinimumVisualStudioVersion = 10.0.40219.1
Project("{FAE04EC0-301F-11D3-BF4B-00C04F79EFBC}") = "PresentationLayer", "PresentationLayer\PresentationLayer.csproj", "{C8E84125-BBD1-4792-87B1-00E163C8AD61}"
EndProject
Project("{9A19103F-16F7-4668-BE54-9A1E7A4F7556}") = "ServiceLayer", "ServiceLayer\ServiceLayer.csproj", "{7237AD3B-B8FB-41F7-9162-791AD52D8115}"
EndProject
Project("{9A19103F-16F7-4668-BE54-9A1E7A4F7556}") = "DataAccessLayer", "DataAccessLayer\DataAccessLayer.csproj", "{D2341B66-4B9D-4419-984E-F4DE81B7C550}"
EndProject
Project("{FAE04EC0-301F-11D3-BF4B-00C04F79EFBC}") = "UnitTestProject", "UnitTestProject1\UnitTestProject.csproj", "{4D0A973D-4B11-4634-AE47-04159EFA041C}"
EndProject
Global
	GlobalSection(SolutionConfigurationPlatforms) = preSolution
		Debug|Any CPU = Debug|Any CPU
		Release|Any CPU = Release|Any CPU
	EndGlobalSection
	GlobalSection(ProjectConfigurationPlatforms) = postSolution
		{C8E84125-BBD1-4792-87B1-00E163C8AD61}.Debug|Any CPU.ActiveCfg = Debug|Any CPU
		{C8E84125-BBD1-4792-87B1-00E163C8AD61}.Debug|Any CPU.Build.0 = Debug|Any CPU
		{C8E84125-BBD1-4792-87B1-00E163C8AD61}.Release|Any CPU.ActiveCfg = Release|Any CPU
		{C8E84125-BBD1-4792-87B1-00E163C8AD61}.Release|Any CPU.Build.0 = Release|Any CPU
		{7237AD3B-B8FB-41F7-9162-791AD52D8115}.Debug|Any CPU.ActiveCfg = Debug|Any CPU
		{7237AD3B-B8FB-41F7-9162-791AD52D8115}.Debug|Any CPU.Build.0 = Debug|Any CPU
		{7237AD3B-B8FB-41F7-9162-791AD52D8115}.Release|Any CPU.ActiveCfg = Release|Any CPU
		{7237AD3B-B8FB-41F7-9162-791AD52D8115}.Release|Any CPU.Build.0 = Release|Any CPU
		{D2341B66-4B9D-4419-984E-F4DE81B7C550}.Debug|Any CPU.ActiveCfg = Debug|Any CPU
		{D2341B66-4B9D-4419-984E-F4DE81B7C550}.Debug|Any CPU.Build.0 = Debug|Any CPU
		{D2341B66-4B9D-4419-984E-F4DE81B7C550}.Release|Any CPU.ActiveCfg = Release|Any CPU
		{D2341B66-4B9D-4419-984E-F4DE81B7C550}.Release|Any CPU.Build.0 = Release|Any CPU
		{4D0A973D-4B11-4634-AE47-04159EFA041C}.Debug|Any CPU.ActiveCfg = Debug|Any CPU
		{4D0A973D-4B11-4634-AE47-04159EFA041C}.Debug|Any CPU.Build.0 = Debug|Any CPU
		{4D0A973D-4B11-4634-AE47-04159EFA041C}.Release|Any CPU.ActiveCfg = Release|Any CPU
		{4D0A973D-4B11-4634-AE47-04159EFA041C}.Release|Any CPU.Build.0 = Release|Any CPU
	EndGlobalSection
	GlobalSection(SolutionProperties) = preSolution
		HideSolutionNode = FALSE
	EndGlobalSection
	GlobalSection(ExtensibilityGlobals) = postSolution
		SolutionGuid = {C01C41B6-94C9-493F-975A-379BABF081A1}
	EndGlobalSection
EndGlobal
